
Microsoft Visual Studio Solution File, Format Version 12.00
# Visual Studio Version 16
VisualStudioVersion = 16.0.31005.135
MinimumVisualStudioVersion = 10.0.40219.1
Project("{9A19103F-16F7-4668-BE54-9A1E7A4F7556}") = "RandomPeopleWebAPI", "RandomPeopleWebAPI\RandomPeopleWebAPI.csproj", "{3655E85D-10B8-4DD2-9061-4DE9D6B40F0B}"
EndProject
Global
	GlobalSection(SolutionConfigurationPlatforms) = preSolution
		Debug|Any CPU = Debug|Any CPU
		Release|Any CPU = Release|Any CPU
	EndGlobalSection
	GlobalSection(ProjectConfigurationPlatforms) = postSolution
		{3655E85D-10B8-4DD2-9061-4DE9D6B40F0B}.Debug|Any CPU.ActiveCfg = Debug|Any CPU
		{3655E85D-10B8-4DD2-9061-4DE9D6B40F0B}.Debug|Any CPU.Build.0 = Debug|Any CPU
		{3655E85D-10B8-4DD2-9061-4DE9D6B40F0B}.Release|Any CPU.ActiveCfg = Release|Any CPU
		{3655E85D-10B8-4DD2-9061-4DE9D6B40F0B}.Release|Any CPU.Build.0 = Release|Any CPU
	EndGlobalSection
	GlobalSection(SolutionProperties) = preSolution
		HideSolutionNode = FALSE
	EndGlobalSection
	GlobalSection(ExtensibilityGlobals) = postSolution
		SolutionGuid = {5D0E1AE4-C7F9-4576-B925-58B37D6B411A}
	EndGlobalSection
EndGlobal
